
Microsoft Visual Studio Solution File, Format Version 12.00
# Visual Studio 15
Project("{FAE04EC0-301F-11D3-BF4B-00C04F79EFBC}") = "Assembly-CSharp-Editor", "Assembly-CSharp-Editor.csproj", "{9F299DBA-665A-55DB-5141-DE1B921F9B2D}"
EndProject
Project("{FAE04EC0-301F-11D3-BF4B-00C04F79EFBC}") = "Assembly-CSharp", "Assembly-CSharp.csproj", "{38EA1CE3-CE17-FBA4-2C77-E9BB6B0E4DDE}"
EndProject
Global
	GlobalSection(SolutionConfigurationPlatforms) = preSolution
		Debug|Any CPU = Debug|Any CPU
		Release|Any CPU = Release|Any CPU
	EndGlobalSection
	GlobalSection(ProjectConfigurationPlatforms) = postSolution
		{9F299DBA-665A-55DB-5141-DE1B921F9B2D}.Debug|Any CPU.ActiveCfg = Debug|Any CPU
		{9F299DBA-665A-55DB-5141-DE1B921F9B2D}.Debug|Any CPU.Build.0 = Debug|Any CPU
		{9F299DBA-665A-55DB-5141-DE1B921F9B2D}.Release|Any CPU.ActiveCfg = Release|Any CPU
		{9F299DBA-665A-55DB-5141-DE1B921F9B2D}.Release|Any CPU.Build.0 = Release|Any CPU
		{38EA1CE3-CE17-FBA4-2C77-E9BB6B0E4DDE}.Debug|Any CPU.ActiveCfg = Debug|Any CPU
		{38EA1CE3-CE17-FBA4-2C77-E9BB6B0E4DDE}.Debug|Any CPU.Build.0 = Debug|Any CPU
		{38EA1CE3-CE17-FBA4-2C77-E9BB6B0E4DDE}.Release|Any CPU.ActiveCfg = Release|Any CPU
		{38EA1CE3-CE17-FBA4-2C77-E9BB6B0E4DDE}.Release|Any CPU.Build.0 = Release|Any CPU
	EndGlobalSection
	GlobalSection(SolutionProperties) = preSolution
		HideSolutionNode = FALSE
	EndGlobalSection
EndGlobal
